// !$*UTF8*$!
{
	archiveVersion = 1;
	classes = {
	};
	objectVersion = 56;
	objects = {

/* Begin PBXBuildFile section */
		6003614E297C970500FE8A5B /* CountriesForPlayWithDIApp.swift in Sources */ = {isa = PBXBuildFile; fileRef = 6003614D297C970500FE8A5B /* CountriesForPlayWithDIApp.swift */; };
		60036152297C970700FE8A5B /* Assets.xcassets in Resources */ = {isa = PBXBuildFile; fileRef = 60036151297C970700FE8A5B /* Assets.xcassets */; };
		60036155297C970700FE8A5B /* Preview Assets.xcassets in Resources */ = {isa = PBXBuildFile; fileRef = 60036154297C970700FE8A5B /* Preview Assets.xcassets */; };
		6003617D297C973A00FE8A5B /* CountriesNavigationView.swift in Sources */ = {isa = PBXBuildFile; fileRef = 6003617C297C973A00FE8A5B /* CountriesNavigationView.swift */; };
		6003617F297C979500FE8A5B /* CountriesNavigationViewModel.swift in Sources */ = {isa = PBXBuildFile; fileRef = 6003617E297C979500FE8A5B /* CountriesNavigationViewModel.swift */; };
		60036181297C989400FE8A5B /* Container.swift in Sources */ = {isa = PBXBuildFile; fileRef = 60036180297C989400FE8A5B /* Container.swift */; };
		60036185297D15C300FE8A5B /* CountryListView.swift in Sources */ = {isa = PBXBuildFile; fileRef = 60036184297D15C300FE8A5B /* CountryListView.swift */; };
		60036187297D15F500FE8A5B /* CountriesListViewModel.swift in Sources */ = {isa = PBXBuildFile; fileRef = 60036186297D15F500FE8A5B /* CountriesListViewModel.swift */; };
		6003618F297D1C1100FE8A5B /* CountriesServices.swift in Sources */ = {isa = PBXBuildFile; fileRef = 6003618E297D1C1100FE8A5B /* CountriesServices.swift */; };
		60036192297D1C3400FE8A5B /* Country.swift in Sources */ = {isa = PBXBuildFile; fileRef = 60036191297D1C3400FE8A5B /* Country.swift */; };
		60036194297D1EFB00FE8A5B /* CountriesListViewModelTests.swift in Sources */ = {isa = PBXBuildFile; fileRef = 60036193297D1EFB00FE8A5B /* CountriesListViewModelTests.swift */; };
		60036197297D1F9400FE8A5B /* MockCountriesServices.swift in Sources */ = {isa = PBXBuildFile; fileRef = 60036196297D1F9400FE8A5B /* MockCountriesServices.swift */; };
		60036199297D2E0800FE8A5B /* CountriesListServiceTests.swift in Sources */ = {isa = PBXBuildFile; fileRef = 60036198297D2E0800FE8A5B /* CountriesListServiceTests.swift */; };
		6003619D297D36DA00FE8A5B /* CoreDataService.swift in Sources */ = {isa = PBXBuildFile; fileRef = 6003619C297D36DA00FE8A5B /* CoreDataService.swift */; };
		6003619F297D37BC00FE8A5B /* PersistanceContainer.swift in Sources */ = {isa = PBXBuildFile; fileRef = 6003619E297D37BC00FE8A5B /* PersistanceContainer.swift */; };
		600361A5297D50D700FE8A5B /* MockCacheService.swift in Sources */ = {isa = PBXBuildFile; fileRef = 600361A4297D50D700FE8A5B /* MockCacheService.swift */; };
		60775EDA297D68F400C5ED4D /* CreateCountryViewModel.swift in Sources */ = {isa = PBXBuildFile; fileRef = 60775ED9297D68F400C5ED4D /* CreateCountryViewModel.swift */; };
		60775EDE297D6C5500C5ED4D /* CreateCountryView.swift in Sources */ = {isa = PBXBuildFile; fileRef = 60775EDD297D6C5500C5ED4D /* CreateCountryView.swift */; };
		60775EE0297D72AD00C5ED4D /* CreateCountryService.swift in Sources */ = {isa = PBXBuildFile; fileRef = 60775EDF297D72AD00C5ED4D /* CreateCountryService.swift */; };
		60775EE3297D7E1A00C5ED4D /* CoreDataModel.xcdatamodeld in Sources */ = {isa = PBXBuildFile; fileRef = 60775EE1297D7E1A00C5ED4D /* CoreDataModel.xcdatamodeld */; };
		60775EE5297D9C3200C5ED4D /* CountryDetailViewModel.swift in Sources */ = {isa = PBXBuildFile; fileRef = 60775EE4297D9C3200C5ED4D /* CountryDetailViewModel.swift */; };
/* End PBXBuildFile section */

/* Begin PBXContainerItemProxy section */
		60036160297C970700FE8A5B /* PBXContainerItemProxy */ = {
			isa = PBXContainerItemProxy;
			containerPortal = 60036142297C970500FE8A5B /* Project object */;
			proxyType = 1;
			remoteGlobalIDString = 60036149297C970500FE8A5B;
			remoteInfo = CountriesForPlayWithDI;
		};
/* End PBXContainerItemProxy section */

/* Begin PBXFileReference section */
		6003614A297C970500FE8A5B /* CountriesForPlayWithDI.app */ = {isa = PBXFileReference; explicitFileType = wrapper.application; includeInIndex = 0; path = CountriesForPlayWithDI.app; sourceTree = BUILT_PRODUCTS_DIR; };
		6003614D297C970500FE8A5B /* CountriesForPlayWithDIApp.swift */ = {isa = PBXFileReference; lastKnownFileType = sourcecode.swift; path = CountriesForPlayWithDIApp.swift; sourceTree = "<group>"; };
		60036151297C970700FE8A5B /* Assets.xcassets */ = {isa = PBXFileReference; lastKnownFileType = folder.assetcatalog; path = Assets.xcassets; sourceTree = "<group>"; };
		60036154297C970700FE8A5B /* Preview Assets.xcassets */ = {isa = PBXFileReference; lastKnownFileType = folder.assetcatalog; path = "Preview Assets.xcassets"; sourceTree = "<group>"; };
		6003615F297C970700FE8A5B /* CountriesForPlayWithDITests.xctest */ = {isa = PBXFileReference; explicitFileType = wrapper.cfbundle; includeInIndex = 0; path = CountriesForPlayWithDITests.xctest; sourceTree = BUILT_PRODUCTS_DIR; };
		6003617C297C973A00FE8A5B /* CountriesNavigationView.swift */ = {isa = PBXFileReference; lastKnownFileType = sourcecode.swift; path = CountriesNavigationView.swift; sourceTree = "<group>"; };
		6003617E297C979500FE8A5B /* CountriesNavigationViewModel.swift */ = {isa = PBXFileReference; lastKnownFileType = sourcecode.swift; path = CountriesNavigationViewModel.swift; sourceTree = "<group>"; };
		60036180297C989400FE8A5B /* Container.swift */ = {isa = PBXFileReference; lastKnownFileType = sourcecode.swift; path = Container.swift; sourceTree = "<group>"; };
		60036184297D15C300FE8A5B /* CountryListView.swift */ = {isa = PBXFileReference; lastKnownFileType = sourcecode.swift; path = CountryListView.swift; sourceTree = "<group>"; };
		60036186297D15F500FE8A5B /* CountriesListViewModel.swift */ = {isa = PBXFileReference; lastKnownFileType = sourcecode.swift; path = CountriesListViewModel.swift; sourceTree = "<group>"; };
		6003618E297D1C1100FE8A5B /* CountriesServices.swift */ = {isa = PBXFileReference; lastKnownFileType = sourcecode.swift; path = CountriesServices.swift; sourceTree = "<group>"; };
		60036191297D1C3400FE8A5B /* Country.swift */ = {isa = PBXFileReference; lastKnownFileType = sourcecode.swift; path = Country.swift; sourceTree = "<group>"; };
		60036193297D1EFB00FE8A5B /* CountriesListViewModelTests.swift */ = {isa = PBXFileReference; lastKnownFileType = sourcecode.swift; path = CountriesListViewModelTests.swift; sourceTree = "<group>"; };
		60036196297D1F9400FE8A5B /* MockCountriesServices.swift */ = {isa = PBXFileReference; lastKnownFileType = sourcecode.swift; path = MockCountriesServices.swift; sourceTree = "<group>"; };
		60036198297D2E0800FE8A5B /* CountriesListServiceTests.swift */ = {isa = PBXFileReference; lastKnownFileType = sourcecode.swift; path = CountriesListServiceTests.swift; sourceTree = "<group>"; };
		6003619C297D36DA00FE8A5B /* CoreDataService.swift */ = {isa = PBXFileReference; lastKnownFileType = sourcecode.swift; path = CoreDataService.swift; sourceTree = "<group>"; };
		6003619E297D37BC00FE8A5B /* PersistanceContainer.swift */ = {isa = PBXFileReference; lastKnownFileType = sourcecode.swift; path = PersistanceContainer.swift; sourceTree = "<group>"; };
		600361A4297D50D700FE8A5B /* MockCacheService.swift */ = {isa = PBXFileReference; lastKnownFileType = sourcecode.swift; path = MockCacheService.swift; sourceTree = "<group>"; };
		60775ED9297D68F400C5ED4D /* CreateCountryViewModel.swift */ = {isa = PBXFileReference; lastKnownFileType = sourcecode.swift; path = CreateCountryViewModel.swift; sourceTree = "<group>"; };
		60775EDD297D6C5500C5ED4D /* CreateCountryView.swift */ = {isa = PBXFileReference; lastKnownFileType = sourcecode.swift; path = CreateCountryView.swift; sourceTree = "<group>"; };
		60775EDF297D72AD00C5ED4D /* CreateCountryService.swift */ = {isa = PBXFileReference; lastKnownFileType = sourcecode.swift; path = CreateCountryService.swift; sourceTree = "<group>"; };
		60775EE2297D7E1A00C5ED4D /* CoreDataModel.xcdatamodel */ = {isa = PBXFileReference; lastKnownFileType = wrapper.xcdatamodel; path = CoreDataModel.xcdatamodel; sourceTree = "<group>"; };
		60775EE4297D9C3200C5ED4D /* CountryDetailViewModel.swift */ = {isa = PBXFileReference; lastKnownFileType = sourcecode.swift; path = CountryDetailViewModel.swift; sourceTree = "<group>"; };
/* End PBXFileReference section */

/* Begin PBXFrameworksBuildPhase section */
		60036147297C970500FE8A5B /* Frameworks */ = {
			isa = PBXFrameworksBuildPhase;
			buildActionMask = 2147483647;
			files = (
			);
			runOnlyForDeploymentPostprocessing = 0;
		};
		6003615C297C970700FE8A5B /* Frameworks */ = {
			isa = PBXFrameworksBuildPhase;
			buildActionMask = 2147483647;
			files = (
			);
			runOnlyForDeploymentPostprocessing = 0;
		};
/* End PBXFrameworksBuildPhase section */

/* Begin PBXGroup section */
		60036141297C970500FE8A5B = {
			isa = PBXGroup;
			children = (
				6003614C297C970500FE8A5B /* CountriesForPlayWithDI */,
				60036162297C970700FE8A5B /* CountriesForPlayWithDITests */,
				6003614B297C970500FE8A5B /* Products */,
			);
			sourceTree = "<group>";
		};
		6003614B297C970500FE8A5B /* Products */ = {
			isa = PBXGroup;
			children = (
				6003614A297C970500FE8A5B /* CountriesForPlayWithDI.app */,
				6003615F297C970700FE8A5B /* CountriesForPlayWithDITests.xctest */,
			);
			name = Products;
			sourceTree = "<group>";
		};
		6003614C297C970500FE8A5B /* CountriesForPlayWithDI */ = {
			isa = PBXGroup;
			children = (
				60036189297D1BB900FE8A5B /* App */,
				60036190297D1C2A00FE8A5B /* Models */,
				60036188297D1BA400FE8A5B /* Views */,
				6003618A297D1BCD00FE8A5B /* ViewModels */,
				6003618D297D1BF400FE8A5B /* Domains */,
				60036151297C970700FE8A5B /* Assets.xcassets */,
				60036153297C970700FE8A5B /* Preview Content */,
			);
			path = CountriesForPlayWithDI;
			sourceTree = "<group>";
		};
		60036153297C970700FE8A5B /* Preview Content */ = {
			isa = PBXGroup;
			children = (
				60036154297C970700FE8A5B /* Preview Assets.xcassets */,
			);
			path = "Preview Content";
			sourceTree = "<group>";
		};
		60036162297C970700FE8A5B /* CountriesForPlayWithDITests */ = {
			isa = PBXGroup;
			children = (
				60036193297D1EFB00FE8A5B /* CountriesListViewModelTests.swift */,
				60036198297D2E0800FE8A5B /* CountriesListServiceTests.swift */,
				60036195297D1F8200FE8A5B /* Mocks */,
			);
			path = CountriesForPlayWithDITests;
			sourceTree = "<group>";
		};
		60036188297D1BA400FE8A5B /* Views */ = {
			isa = PBXGroup;
			children = (
				60036184297D15C300FE8A5B /* CountryListView.swift */,
				60775EDD297D6C5500C5ED4D /* CreateCountryView.swift */,
				6003617C297C973A00FE8A5B /* CountriesNavigationView.swift */,
			);
			path = Views;
			sourceTree = "<group>";
		};
		60036189297D1BB900FE8A5B /* App */ = {
			isa = PBXGroup;
			children = (
				60036180297C989400FE8A5B /* Container.swift */,
				6003614D297C970500FE8A5B /* CountriesForPlayWithDIApp.swift */,
			);
			path = App;
			sourceTree = "<group>";
		};
		6003618A297D1BCD00FE8A5B /* ViewModels */ = {
			isa = PBXGroup;
			children = (
				60036186297D15F500FE8A5B /* CountriesListViewModel.swift */,
				60775EE4297D9C3200C5ED4D /* CountryDetailViewModel.swift */,
				60775ED9297D68F400C5ED4D /* CreateCountryViewModel.swift */,
				6003617E297C979500FE8A5B /* CountriesNavigationViewModel.swift */,
			);
			path = ViewModels;
			sourceTree = "<group>";
		};
		6003618D297D1BF400FE8A5B /* Domains */ = {
			isa = PBXGroup;
			children = (
				6003618E297D1C1100FE8A5B /* CountriesServices.swift */,
				60775EDF297D72AD00C5ED4D /* CreateCountryService.swift */,
			);
			path = Domains;
			sourceTree = "<group>";
		};
		60036190297D1C2A00FE8A5B /* Models */ = {
			isa = PBXGroup;
			children = (
				600361A0297D384D00FE8A5B /* CoreData */,
				60036191297D1C3400FE8A5B /* Country.swift */,
			);
			path = Models;
			sourceTree = "<group>";
		};
		60036195297D1F8200FE8A5B /* Mocks */ = {
			isa = PBXGroup;
			children = (
				60036196297D1F9400FE8A5B /* MockCountriesServices.swift */,
				600361A4297D50D700FE8A5B /* MockCacheService.swift */,
			);
			path = Mocks;
			sourceTree = "<group>";
		};
		600361A0297D384D00FE8A5B /* CoreData */ = {
			isa = PBXGroup;
			children = (
				6003619C297D36DA00FE8A5B /* CoreDataService.swift */,
				60775EE1297D7E1A00C5ED4D /* CoreDataModel.xcdatamodeld */,
				6003619E297D37BC00FE8A5B /* PersistanceContainer.swift */,
			);
			path = CoreData;
			sourceTree = "<group>";
		};
/* End PBXGroup section */

/* Begin PBXNativeTarget section */
		60036149297C970500FE8A5B /* CountriesForPlayWithDI */ = {
			isa = PBXNativeTarget;
			buildConfigurationList = 60036173297C970700FE8A5B /* Build configuration list for PBXNativeTarget "CountriesForPlayWithDI" */;
			buildPhases = (
				60036146297C970500FE8A5B /* Sources */,
				60036147297C970500FE8A5B /* Frameworks */,
				60036148297C970500FE8A5B /* Resources */,
			);
			buildRules = (
			);
			dependencies = (
			);
			name = CountriesForPlayWithDI;
			productName = CountriesForPlayWithDI;
			productReference = 6003614A297C970500FE8A5B /* CountriesForPlayWithDI.app */;
			productType = "com.apple.product-type.application";
		};
		6003615E297C970700FE8A5B /* CountriesForPlayWithDITests */ = {
			isa = PBXNativeTarget;
			buildConfigurationList = 60036176297C970700FE8A5B /* Build configuration list for PBXNativeTarget "CountriesForPlayWithDITests" */;
			buildPhases = (
				6003615B297C970700FE8A5B /* Sources */,
				6003615C297C970700FE8A5B /* Frameworks */,
				6003615D297C970700FE8A5B /* Resources */,
			);
			buildRules = (
			);
			dependencies = (
				60036161297C970700FE8A5B /* PBXTargetDependency */,
			);
			name = CountriesForPlayWithDITests;
			productName = CountriesForPlayWithDITests;
			productReference = 6003615F297C970700FE8A5B /* CountriesForPlayWithDITests.xctest */;
			productType = "com.apple.product-type.bundle.unit-test";
		};
/* End PBXNativeTarget section */

/* Begin PBXProject section */
		60036142297C970500FE8A5B /* Project object */ = {
			isa = PBXProject;
			attributes = {
				BuildIndependentTargetsInParallel = 1;
				LastSwiftUpdateCheck = 1410;
				LastUpgradeCheck = 1410;
				TargetAttributes = {
					60036149297C970500FE8A5B = {
						CreatedOnToolsVersion = 14.1;
					};
					6003615E297C970700FE8A5B = {
						CreatedOnToolsVersion = 14.1;
						TestTargetID = 60036149297C970500FE8A5B;
					};
				};
			};
			buildConfigurationList = 60036145297C970500FE8A5B /* Build configuration list for PBXProject "CountriesForPlayWithDI" */;
			compatibilityVersion = "Xcode 14.0";
			developmentRegion = en;
			hasScannedForEncodings = 0;
			knownRegions = (
				en,
				Base,
			);
			mainGroup = 60036141297C970500FE8A5B;
			productRefGroup = 6003614B297C970500FE8A5B /* Products */;
			projectDirPath = "";
			projectRoot = "";
			targets = (
				60036149297C970500FE8A5B /* CountriesForPlayWithDI */,
				6003615E297C970700FE8A5B /* CountriesForPlayWithDITests */,
			);
		};
/* End PBXProject section */

/* Begin PBXResourcesBuildPhase section */
		60036148297C970500FE8A5B /* Resources */ = {
			isa = PBXResourcesBuildPhase;
			buildActionMask = 2147483647;
			files = (
				60036155297C970700FE8A5B /* Preview Assets.xcassets in Resources */,
				60036152297C970700FE8A5B /* Assets.xcassets in Resources */,
			);
			runOnlyForDeploymentPostprocessing = 0;
		};
		6003615D297C970700FE8A5B /* Resources */ = {
			isa = PBXResourcesBuildPhase;
			buildActionMask = 2147483647;
			files = (
			);
			runOnlyForDeploymentPostprocessing = 0;
		};
/* End PBXResourcesBuildPhase section */

/* Begin PBXSourcesBuildPhase section */
		60036146297C970500FE8A5B /* Sources */ = {
			isa = PBXSourcesBuildPhase;
			buildActionMask = 2147483647;
			files = (
				60036192297D1C3400FE8A5B /* Country.swift in Sources */,
				60036185297D15C300FE8A5B /* CountryListView.swift in Sources */,
				6003618F297D1C1100FE8A5B /* CountriesServices.swift in Sources */,
				6003619F297D37BC00FE8A5B /* PersistanceContainer.swift in Sources */,
				6003619D297D36DA00FE8A5B /* CoreDataService.swift in Sources */,
				6003617D297C973A00FE8A5B /* CountriesNavigationView.swift in Sources */,
				60775EDE297D6C5500C5ED4D /* CreateCountryView.swift in Sources */,
				60775EDA297D68F400C5ED4D /* CreateCountryViewModel.swift in Sources */,
				60036181297C989400FE8A5B /* Container.swift in Sources */,
				6003614E297C970500FE8A5B /* CountriesForPlayWithDIApp.swift in Sources */,
				6003617F297C979500FE8A5B /* CountriesNavigationViewModel.swift in Sources */,
				60775EE5297D9C3200C5ED4D /* CountryDetailViewModel.swift in Sources */,
				60775EE0297D72AD00C5ED4D /* CreateCountryService.swift in Sources */,
				60036187297D15F500FE8A5B /* CountriesListViewModel.swift in Sources */,
				60775EE3297D7E1A00C5ED4D /* CoreDataModel.xcdatamodeld in Sources */,
			);
			runOnlyForDeploymentPostprocessing = 0;
		};
		6003615B297C970700FE8A5B /* Sources */ = {
			isa = PBXSourcesBuildPhase;
			buildActionMask = 2147483647;
			files = (
				600361A5297D50D700FE8A5B /* MockCacheService.swift in Sources */,
				60036197297D1F9400FE8A5B /* MockCountriesServices.swift in Sources */,
				60036199297D2E0800FE8A5B /* CountriesListServiceTests.swift in Sources */,
				60036194297D1EFB00FE8A5B /* CountriesListViewModelTests.swift in Sources */,
			);
			runOnlyForDeploymentPostprocessing = 0;
		};
/* End PBXSourcesBuildPhase section */

/* Begin PBXTargetDependency section */
		60036161297C970700FE8A5B /* PBXTargetDependency */ = {
			isa = PBXTargetDependency;
			target = 60036149297C970500FE8A5B /* CountriesForPlayWithDI */;
			targetProxy = 60036160297C970700FE8A5B /* PBXContainerItemProxy */;
		};
/* End PBXTargetDependency section */

/* Begin XCBuildConfiguration section */
		60036171297C970700FE8A5B /* Debug */ = {
			isa = XCBuildConfiguration;
			buildSettings = {
				ALWAYS_SEARCH_USER_PATHS = NO;
				CLANG_ANALYZER_NONNULL = YES;
				CLANG_ANALYZER_NUMBER_OBJECT_CONVERSION = YES_AGGRESSIVE;
				CLANG_CXX_LANGUAGE_STANDARD = "gnu++20";
				CLANG_ENABLE_MODULES = YES;
				CLANG_ENABLE_OBJC_ARC = YES;
				CLANG_ENABLE_OBJC_WEAK = YES;
				CLANG_WARN_BLOCK_CAPTURE_AUTORELEASING = YES;
				CLANG_WARN_BOOL_CONVERSION = YES;
				CLANG_WARN_COMMA = YES;
				CLANG_WARN_CONSTANT_CONVERSION = YES;
				CLANG_WARN_DEPRECATED_OBJC_IMPLEMENTATIONS = YES;
				CLANG_WARN_DIRECT_OBJC_ISA_USAGE = YES_ERROR;
				CLANG_WARN_DOCUMENTATION_COMMENTS = YES;
				CLANG_WARN_EMPTY_BODY = YES;
				CLANG_WARN_ENUM_CONVERSION = YES;
				CLANG_WARN_INFINITE_RECURSION = YES;
				CLANG_WARN_INT_CONVERSION = YES;
				CLANG_WARN_NON_LITERAL_NULL_CONVERSION = YES;
				CLANG_WARN_OBJC_IMPLICIT_RETAIN_SELF = YES;
				CLANG_WARN_OBJC_LITERAL_CONVERSION = YES;
				CLANG_WARN_OBJC_ROOT_CLASS = YES_ERROR;
				CLANG_WARN_QUOTED_INCLUDE_IN_FRAMEWORK_HEADER = YES;
				CLANG_WARN_RANGE_LOOP_ANALYSIS = YES;
				CLANG_WARN_STRICT_PROTOTYPES = YES;
				CLANG_WARN_SUSPICIOUS_MOVE = YES;
				CLANG_WARN_UNGUARDED_AVAILABILITY = YES_AGGRESSIVE;
				CLANG_WARN_UNREACHABLE_CODE = YES;
				CLANG_WARN__DUPLICATE_METHOD_MATCH = YES;
				COPY_PHASE_STRIP = NO;
				DEBUG_INFORMATION_FORMAT = dwarf;
				ENABLE_STRICT_OBJC_MSGSEND = YES;
				ENABLE_TESTABILITY = YES;
				GCC_C_LANGUAGE_STANDARD = gnu11;
				GCC_DYNAMIC_NO_PIC = NO;
				GCC_NO_COMMON_BLOCKS = YES;
				GCC_OPTIMIZATION_LEVEL = 0;
				GCC_PREPROCESSOR_DEFINITIONS = (
					"DEBUG=1",
					"$(inherited)",
				);
				GCC_WARN_64_TO_32_BIT_CONVERSION = YES;
				GCC_WARN_ABOUT_RETURN_TYPE = YES_ERROR;
				GCC_WARN_UNDECLARED_SELECTOR = YES;
				GCC_WARN_UNINITIALIZED_AUTOS = YES_AGGRESSIVE;
				GCC_WARN_UNUSED_FUNCTION = YES;
				GCC_WARN_UNUSED_VARIABLE = YES;
				IPHONEOS_DEPLOYMENT_TARGET = 16.1;
				MTL_ENABLE_DEBUG_INFO = INCLUDE_SOURCE;
				MTL_FAST_MATH = YES;
				ONLY_ACTIVE_ARCH = YES;
				SDKROOT = iphoneos;
				SWIFT_ACTIVE_COMPILATION_CONDITIONS = DEBUG;
				SWIFT_OPTIMIZATION_LEVEL = "-Onone";
			};
			name = Debug;
		};
		60036172297C970700FE8A5B /* Release */ = {
			isa = XCBuildConfiguration;
			buildSettings = {
				ALWAYS_SEARCH_USER_PATHS = NO;
				CLANG_ANALYZER_NONNULL = YES;
				CLANG_ANALYZER_NUMBER_OBJECT_CONVERSION = YES_AGGRESSIVE;
				CLANG_CXX_LANGUAGE_STANDARD = "gnu++20";
				CLANG_ENABLE_MODULES = YES;
				CLANG_ENABLE_OBJC_ARC = YES;
				CLANG_ENABLE_OBJC_WEAK = YES;
				CLANG_WARN_BLOCK_CAPTURE_AUTORELEASING = YES;
				CLANG_WARN_BOOL_CONVERSION = YES;
				CLANG_WARN_COMMA = YES;
				CLANG_WARN_CONSTANT_CONVERSION = YES;
				CLANG_WARN_DEPRECATED_OBJC_IMPLEMENTATIONS = YES;
				CLANG_WARN_DIRECT_OBJC_ISA_USAGE = YES_ERROR;
				CLANG_WARN_DOCUMENTATION_COMMENTS = YES;
				CLANG_WARN_EMPTY_BODY = YES;
				CLANG_WARN_ENUM_CONVERSION = YES;
				CLANG_WARN_INFINITE_RECURSION = YES;
				CLANG_WARN_INT_CONVERSION = YES;
				CLANG_WARN_NON_LITERAL_NULL_CONVERSION = YES;
				CLANG_WARN_OBJC_IMPLICIT_RETAIN_SELF = YES;
				CLANG_WARN_OBJC_LITERAL_CONVERSION = YES;
				CLANG_WARN_OBJC_ROOT_CLASS = YES_ERROR;
				CLANG_WARN_QUOTED_INCLUDE_IN_FRAMEWORK_HEADER = YES;
				CLANG_WARN_RANGE_LOOP_ANALYSIS = YES;
				CLANG_WARN_STRICT_PROTOTYPES = YES;
				CLANG_WARN_SUSPICIOUS_MOVE = YES;
				CLANG_WARN_UNGUARDED_AVAILABILITY = YES_AGGRESSIVE;
				CLANG_WARN_UNREACHABLE_CODE = YES;
				CLANG_WARN__DUPLICATE_METHOD_MATCH = YES;
				COPY_PHASE_STRIP = NO;
				DEBUG_INFORMATION_FORMAT = "dwarf-with-dsym";
				ENABLE_NS_ASSERTIONS = NO;
				ENABLE_STRICT_OBJC_MSGSEND = YES;
				GCC_C_LANGUAGE_STANDARD = gnu11;
				GCC_NO_COMMON_BLOCKS = YES;
				GCC_WARN_64_TO_32_BIT_CONVERSION = YES;
				GCC_WARN_ABOUT_RETURN_TYPE = YES_ERROR;
				GCC_WARN_UNDECLARED_SELECTOR = YES;
				GCC_WARN_UNINITIALIZED_AUTOS = YES_AGGRESSIVE;
				GCC_WARN_UNUSED_FUNCTION = YES;
				GCC_WARN_UNUSED_VARIABLE = YES;
				IPHONEOS_DEPLOYMENT_TARGET = 16.1;
				MTL_ENABLE_DEBUG_INFO = NO;
				MTL_FAST_MATH = YES;
				SDKROOT = iphoneos;
				SWIFT_COMPILATION_MODE = wholemodule;
				SWIFT_OPTIMIZATION_LEVEL = "-O";
				VALIDATE_PRODUCT = YES;
			};
			name = Release;
		};
		60036174297C970700FE8A5B /* Debug */ = {
			isa = XCBuildConfiguration;
			buildSettings = {
				ASSETCATALOG_COMPILER_APPICON_NAME = AppIcon;
				ASSETCATALOG_COMPILER_GLOBAL_ACCENT_COLOR_NAME = AccentColor;
				CODE_SIGN_STYLE = Automatic;
				CURRENT_PROJECT_VERSION = 1;
				DEVELOPMENT_ASSET_PATHS = "\"CountriesForPlayWithDI/Preview Content\"";
				ENABLE_PREVIEWS = YES;
				GENERATE_INFOPLIST_FILE = YES;
				INFOPLIST_KEY_UIApplicationSceneManifest_Generation = YES;
				INFOPLIST_KEY_UIApplicationSupportsIndirectInputEvents = YES;
				INFOPLIST_KEY_UILaunchScreen_Generation = YES;
				INFOPLIST_KEY_UISupportedInterfaceOrientations_iPad = "UIInterfaceOrientationPortrait UIInterfaceOrientationPortraitUpsideDown UIInterfaceOrientationLandscapeLeft UIInterfaceOrientationLandscapeRight";
				INFOPLIST_KEY_UISupportedInterfaceOrientations_iPhone = "UIInterfaceOrientationPortrait UIInterfaceOrientationLandscapeLeft UIInterfaceOrientationLandscapeRight";
				LD_RUNPATH_SEARCH_PATHS = (
					"$(inherited)",
					"@executable_path/Frameworks",
				);
				MARKETING_VERSION = 1.0;
				PRODUCT_BUNDLE_IDENTIFIER = Matloubi.CountriesForPlayWithDI;
				PRODUCT_NAME = "$(TARGET_NAME)";
				SWIFT_EMIT_LOC_STRINGS = YES;
				SWIFT_VERSION = 5.0;
				TARGETED_DEVICE_FAMILY = "1,2";
			};
			name = Debug;
		};
		60036175297C970700FE8A5B /* Release */ = {
			isa = XCBuildConfiguration;
			buildSettings = {
				ASSETCATALOG_COMPILER_APPICON_NAME = AppIcon;
				ASSETCATALOG_COMPILER_GLOBAL_ACCENT_COLOR_NAME = AccentColor;
				CODE_SIGN_STYLE = Automatic;
				CURRENT_PROJECT_VERSION = 1;
				DEVELOPMENT_ASSET_PATHS = "\"CountriesForPlayWithDI/Preview Content\"";
				ENABLE_PREVIEWS = YES;
				GENERATE_INFOPLIST_FILE = YES;
				INFOPLIST_KEY_UIApplicationSceneManifest_Generation = YES;
				INFOPLIST_KEY_UIApplicationSupportsIndirectInputEvents = YES;
				INFOPLIST_KEY_UILaunchScreen_Generation = YES;
				INFOPLIST_KEY_UISupportedInterfaceOrientations_iPad = "UIInterfaceOrientationPortrait UIInterfaceOrientationPortraitUpsideDown UIInterfaceOrientationLandscapeLeft UIInterfaceOrientationLandscapeRight";
				INFOPLIST_KEY_UISupportedInterfaceOrientations_iPhone = "UIInterfaceOrientationPortrait UIInterfaceOrientationLandscapeLeft UIInterfaceOrientationLandscapeRight";
				LD_RUNPATH_SEARCH_PATHS = (
					"$(inherited)",
					"@executable_path/Frameworks",
				);
				MARKETING_VERSION = 1.0;
				PRODUCT_BUNDLE_IDENTIFIER = Matloubi.CountriesForPlayWithDI;
				PRODUCT_NAME = "$(TARGET_NAME)";
				SWIFT_EMIT_LOC_STRINGS = YES;
				SWIFT_VERSION = 5.0;
				TARGETED_DEVICE_FAMILY = "1,2";
			};
			name = Release;
		};
		60036177297C970700FE8A5B /* Debug */ = {
			isa = XCBuildConfiguration;
			buildSettings = {
				ALWAYS_EMBED_SWIFT_STANDARD_LIBRARIES = YES;
				BUNDLE_LOADER = "$(TEST_HOST)";
				CODE_SIGN_STYLE = Automatic;
				CURRENT_PROJECT_VERSION = 1;
				GENERATE_INFOPLIST_FILE = YES;
				IPHONEOS_DEPLOYMENT_TARGET = 16.1;
				MARKETING_VERSION = 1.0;
				PRODUCT_BUNDLE_IDENTIFIER = Matloubi.CountriesForPlayWithDITests;
				PRODUCT_NAME = "$(TARGET_NAME)";
				SWIFT_EMIT_LOC_STRINGS = NO;
				SWIFT_VERSION = 5.0;
				TARGETED_DEVICE_FAMILY = "1,2";
				TEST_HOST = "$(BUILT_PRODUCTS_DIR)/CountriesForPlayWithDI.app/$(BUNDLE_EXECUTABLE_FOLDER_PATH)/CountriesForPlayWithDI";
			};
			name = Debug;
		};
		60036178297C970700FE8A5B /* Release */ = {
			isa = XCBuildConfiguration;
			buildSettings = {
				ALWAYS_EMBED_SWIFT_STANDARD_LIBRARIES = YES;
				BUNDLE_LOADER = "$(TEST_HOST)";
				CODE_SIGN_STYLE = Automatic;
				CURRENT_PROJECT_VERSION = 1;
				GENERATE_INFOPLIST_FILE = YES;
				IPHONEOS_DEPLOYMENT_TARGET = 16.1;
				MARKETING_VERSION = 1.0;
				PRODUCT_BUNDLE_IDENTIFIER = Matloubi.CountriesForPlayWithDITests;
				PRODUCT_NAME = "$(TARGET_NAME)";
				SWIFT_EMIT_LOC_STRINGS = NO;
				SWIFT_VERSION = 5.0;
				TARGETED_DEVICE_FAMILY = "1,2";
				TEST_HOST = "$(BUILT_PRODUCTS_DIR)/CountriesForPlayWithDI.app/$(BUNDLE_EXECUTABLE_FOLDER_PATH)/CountriesForPlayWithDI";
			};
			name = Release;
		};
/* End XCBuildConfiguration section */

/* Begin XCConfigurationList section */
		60036145297C970500FE8A5B /* Build configuration list for PBXProject "CountriesForPlayWithDI" */ = {
			isa = XCConfigurationList;
			buildConfigurations = (
				60036171297C970700FE8A5B /* Debug */,
				60036172297C970700FE8A5B /* Release */,
			);
			defaultConfigurationIsVisible = 0;
			defaultConfigurationName = Release;
		};
		60036173297C970700FE8A5B /* Build configuration list for PBXNativeTarget "CountriesForPlayWithDI" */ = {
			isa = XCConfigurationList;
			buildConfigurations = (
				60036174297C970700FE8A5B /* Debug */,
				60036175297C970700FE8A5B /* Release */,
			);
			defaultConfigurationIsVisible = 0;
			defaultConfigurationName = Release;
		};
		60036176297C970700FE8A5B /* Build configuration list for PBXNativeTarget "CountriesForPlayWithDITests" */ = {
			isa = XCConfigurationList;
			buildConfigurations = (
				60036177297C970700FE8A5B /* Debug */,
				60036178297C970700FE8A5B /* Release */,
			);
			defaultConfigurationIsVisible = 0;
			defaultConfigurationName = Release;
		};
/* End XCConfigurationList section */

/* Begin XCVersionGroup section */
		60775EE1297D7E1A00C5ED4D /* CoreDataModel.xcdatamodeld */ = {
			isa = XCVersionGroup;
			children = (
				60775EE2297D7E1A00C5ED4D /* CoreDataModel.xcdatamodel */,
			);
			currentVersion = 60775EE2297D7E1A00C5ED4D /* CoreDataModel.xcdatamodel */;
			path = CoreDataModel.xcdatamodeld;
			sourceTree = "<group>";
			versionGroupType = wrapper.xcdatamodel;
		};
/* End XCVersionGroup section */
	};
	rootObject = 60036142297C970500FE8A5B /* Project object */;
}
